
Microsoft Visual Studio Solution File, Format Version 12.00
# Visual Studio 2013
VisualStudioVersion = 12.0.21005.1
MinimumVisualStudioVersion = 10.0.40219.1
Project("{FAE04EC0-301F-11D3-BF4B-00C04F79EFBC}") = "volatility GUI", "volatility GUI\volatility GUI.csproj", "{5265AB7F-CB45-4D63-8F4E-247158E5EC32}"
EndProject
Project("{6141683F-8A12-4E36-9623-2EB02B2C2303}") = "Setup2", "Setup2\Setup2.isproj", "{C75C8ABE-86C0-4DAC-86A9-C43BF7026321}"
	ProjectSection(ProjectDependencies) = postProject
		{5265AB7F-CB45-4D63-8F4E-247158E5EC32} = {5265AB7F-CB45-4D63-8F4E-247158E5EC32}
	EndProjectSection
EndProject
Global
	GlobalSection(TeamFoundationVersionControl) = preSolution
		SccNumberOfProjects = 3
		SccEnterpriseProvider = {4CA58AB2-18FA-4F8D-95D4-32DDF27D184C}
		SccTeamFoundationServer = https://lethaladastra.visualstudio.com/defaultcollection
		SccLocalPath0 = .
		SccProjectUniqueName1 = Setup2\\Setup2.isproj
		SccProjectName1 = Setup2
		SccLocalPath1 = Setup2
		SccProjectUniqueName2 = volatility\u0020GUI\\volatility\u0020GUI.csproj
		SccProjectName2 = volatility\u0020GUI
		SccLocalPath2 = volatility\u0020GUI
	EndGlobalSection
	GlobalSection(SolutionConfigurationPlatforms) = preSolution
		CD_ROM|Any CPU = CD_ROM|Any CPU
		Debug|Any CPU = Debug|Any CPU
		DVD-5|Any CPU = DVD-5|Any CPU
		Release|Any CPU = Release|Any CPU
		SingleImage|Any CPU = SingleImage|Any CPU
	EndGlobalSection
	GlobalSection(ProjectConfigurationPlatforms) = postSolution
		{5265AB7F-CB45-4D63-8F4E-247158E5EC32}.CD_ROM|Any CPU.ActiveCfg = Debug|Any CPU
		{5265AB7F-CB45-4D63-8F4E-247158E5EC32}.CD_ROM|Any CPU.Build.0 = Debug|Any CPU
		{5265AB7F-CB45-4D63-8F4E-247158E5EC32}.Debug|Any CPU.ActiveCfg = Release|Any CPU
		{5265AB7F-CB45-4D63-8F4E-247158E5EC32}.Debug|Any CPU.Build.0 = Release|Any CPU
		{5265AB7F-CB45-4D63-8F4E-247158E5EC32}.Debug|Any CPU.Deploy.0 = Release|Any CPU
		{5265AB7F-CB45-4D63-8F4E-247158E5EC32}.DVD-5|Any CPU.ActiveCfg = Debug|Any CPU
		{5265AB7F-CB45-4D63-8F4E-247158E5EC32}.DVD-5|Any CPU.Build.0 = Debug|Any CPU
		{5265AB7F-CB45-4D63-8F4E-247158E5EC32}.Release|Any CPU.ActiveCfg = Release|Any CPU
		{5265AB7F-CB45-4D63-8F4E-247158E5EC32}.Release|Any CPU.Build.0 = Release|Any CPU
		{5265AB7F-CB45-4D63-8F4E-247158E5EC32}.SingleImage|Any CPU.ActiveCfg = Debug|Any CPU
		{5265AB7F-CB45-4D63-8F4E-247158E5EC32}.SingleImage|Any CPU.Build.0 = Debug|Any CPU
		{C75C8ABE-86C0-4DAC-86A9-C43BF7026321}.CD_ROM|Any CPU.ActiveCfg = CD_ROM
		{C75C8ABE-86C0-4DAC-86A9-C43BF7026321}.CD_ROM|Any CPU.Build.0 = CD_ROM
		{C75C8ABE-86C0-4DAC-86A9-C43BF7026321}.Debug|Any CPU.ActiveCfg = DVD-5
		{C75C8ABE-86C0-4DAC-86A9-C43BF7026321}.Debug|Any CPU.Build.0 = DVD-5
		{C75C8ABE-86C0-4DAC-86A9-C43BF7026321}.DVD-5|Any CPU.ActiveCfg = DVD-5
		{C75C8ABE-86C0-4DAC-86A9-C43BF7026321}.DVD-5|Any CPU.Build.0 = DVD-5
		{C75C8ABE-86C0-4DAC-86A9-C43BF7026321}.Release|Any CPU.ActiveCfg = SingleImage
		{C75C8ABE-86C0-4DAC-86A9-C43BF7026321}.Release|Any CPU.Build.0 = SingleImage
		{C75C8ABE-86C0-4DAC-86A9-C43BF7026321}.SingleImage|Any CPU.ActiveCfg = SingleImage
		{C75C8ABE-86C0-4DAC-86A9-C43BF7026321}.SingleImage|Any CPU.Build.0 = SingleImage
	EndGlobalSection
	GlobalSection(SolutionProperties) = preSolution
		HideSolutionNode = FALSE
	EndGlobalSection
EndGlobal
